
Microsoft Visual Studio Solution File, Format Version 12.00
# Visual Studio 15
VisualStudioVersion = 15.0.27703.2026
MinimumVisualStudioVersion = 10.0.40219.1
Project("{FAE04EC0-301F-11D3-BF4B-00C04F79EFBC}") = "BlockChain(Assignment)", "BlockChain(Assignment)\BlockChain(Assignment).csproj", "{D515F348-86BC-44C0-B47A-B417231EFFE7}"
EndProject
Project("{FAE04EC0-301F-11D3-BF4B-00C04F79EFBC}") = "ChainTest", "ChainTest\ChainTest.csproj", "{0E3B0774-A03E-4947-94F0-B5F2AF41AA82}"
EndProject
Global
	GlobalSection(SolutionConfigurationPlatforms) = preSolution
		Debug|Any CPU = Debug|Any CPU
		Release|Any CPU = Release|Any CPU
	EndGlobalSection
	GlobalSection(ProjectConfigurationPlatforms) = postSolution
		{D515F348-86BC-44C0-B47A-B417231EFFE7}.Debug|Any CPU.ActiveCfg = Debug|Any CPU
		{D515F348-86BC-44C0-B47A-B417231EFFE7}.Debug|Any CPU.Build.0 = Debug|Any CPU
		{D515F348-86BC-44C0-B47A-B417231EFFE7}.Release|Any CPU.ActiveCfg = Release|Any CPU
		{D515F348-86BC-44C0-B47A-B417231EFFE7}.Release|Any CPU.Build.0 = Release|Any CPU
		{0E3B0774-A03E-4947-94F0-B5F2AF41AA82}.Debug|Any CPU.ActiveCfg = Debug|Any CPU
		{0E3B0774-A03E-4947-94F0-B5F2AF41AA82}.Debug|Any CPU.Build.0 = Debug|Any CPU
		{0E3B0774-A03E-4947-94F0-B5F2AF41AA82}.Release|Any CPU.ActiveCfg = Release|Any CPU
		{0E3B0774-A03E-4947-94F0-B5F2AF41AA82}.Release|Any CPU.Build.0 = Release|Any CPU
	EndGlobalSection
	GlobalSection(SolutionProperties) = preSolution
		HideSolutionNode = FALSE
	EndGlobalSection
	GlobalSection(ExtensibilityGlobals) = postSolution
		SolutionGuid = {68510694-1E40-4246-8714-F7C5B6F87A9A}
	EndGlobalSection
EndGlobal
